
Microsoft Visual Studio Solution File, Format Version 12.00
# Visual Studio Version 17
VisualStudioVersion = 17.2.32616.157
MinimumVisualStudioVersion = 10.0.40219.1
Project("{FAE04EC0-301F-11D3-BF4B-00C04F79EFBC}") = "FO4RKV_HFT_2022231.Client", "FO4RKV_HFT_2022231.Client\FO4RKV_HFT_2022231.Client.csproj", "{6FA7F92B-5016-4251-A6F6-BA72AC7A5164}"
EndProject
Project("{2150E333-8FDC-42A3-9474-1A3956D46DE8}") = "Frontend", "Frontend", "{1EFCC01E-E879-4553-875F-8506048DED52}"
EndProject
Project("{2150E333-8FDC-42A3-9474-1A3956D46DE8}") = "Backend", "Backend", "{85483983-95E9-41BE-9DE2-A1B324E4A2A4}"
EndProject
Project("{2150E333-8FDC-42A3-9474-1A3956D46DE8}") = "Shared", "Shared", "{9DB2FCF8-C30B-4301-886F-497C71EE40C8}"
EndProject
Project("{FAE04EC0-301F-11D3-BF4B-00C04F79EFBC}") = "FO4RKV_HFT_2022231.Repository", "FO4RKV_HFT_2022231.Repository\FO4RKV_HFT_2022231.Repository.csproj", "{EA6047A8-D9E0-4F14-A7B6-97F89624C1FA}"
EndProject
Project("{FAE04EC0-301F-11D3-BF4B-00C04F79EFBC}") = "FO4RKV_HFT_2022231.Test", "FO4RKV_HFT_2022231.Test\FO4RKV_HFT_2022231.Test.csproj", "{2FAF5AEC-9965-4089-91FD-1AACDCA4FCAF}"
EndProject
Project("{FAE04EC0-301F-11D3-BF4B-00C04F79EFBC}") = "FO4RKV_HFT_2022231.Logic", "FO4RKV_HFT_2022231.Logic\FO4RKV_HFT_2022231.Logic.csproj", "{36FE19D0-8681-4EB0-846B-DB7DB51F80BB}"
EndProject
Project("{FAE04EC0-301F-11D3-BF4B-00C04F79EFBC}") = "FO4RKV_HFT_2022231.Models", "FO4RKV_HFT_2022231.Models\FO4RKV_HFT_2022231.Models.csproj", "{063BD73E-1E1D-45B3-BA3E-81AF9BD4471B}"
EndProject
Project("{FAE04EC0-301F-11D3-BF4B-00C04F79EFBC}") = "FO4RKV_HFT_2022231.Endpoint", "FO4RKV_HFT_2022231.Endpoint\FO4RKV_HFT_2022231.Endpoint.csproj", "{E546A598-8F10-48D1-AC24-D18B88A5F7BC}"
EndProject
Global
	GlobalSection(SolutionConfigurationPlatforms) = preSolution
		Debug|Any CPU = Debug|Any CPU
		Release|Any CPU = Release|Any CPU
	EndGlobalSection
	GlobalSection(ProjectConfigurationPlatforms) = postSolution
		{6FA7F92B-5016-4251-A6F6-BA72AC7A5164}.Debug|Any CPU.ActiveCfg = Debug|Any CPU
		{6FA7F92B-5016-4251-A6F6-BA72AC7A5164}.Debug|Any CPU.Build.0 = Debug|Any CPU
		{6FA7F92B-5016-4251-A6F6-BA72AC7A5164}.Release|Any CPU.ActiveCfg = Release|Any CPU
		{6FA7F92B-5016-4251-A6F6-BA72AC7A5164}.Release|Any CPU.Build.0 = Release|Any CPU
		{EA6047A8-D9E0-4F14-A7B6-97F89624C1FA}.Debug|Any CPU.ActiveCfg = Debug|Any CPU
		{EA6047A8-D9E0-4F14-A7B6-97F89624C1FA}.Debug|Any CPU.Build.0 = Debug|Any CPU
		{EA6047A8-D9E0-4F14-A7B6-97F89624C1FA}.Release|Any CPU.ActiveCfg = Release|Any CPU
		{EA6047A8-D9E0-4F14-A7B6-97F89624C1FA}.Release|Any CPU.Build.0 = Release|Any CPU
		{2FAF5AEC-9965-4089-91FD-1AACDCA4FCAF}.Debug|Any CPU.ActiveCfg = Debug|Any CPU
		{2FAF5AEC-9965-4089-91FD-1AACDCA4FCAF}.Debug|Any CPU.Build.0 = Debug|Any CPU
		{2FAF5AEC-9965-4089-91FD-1AACDCA4FCAF}.Release|Any CPU.ActiveCfg = Release|Any CPU
		{2FAF5AEC-9965-4089-91FD-1AACDCA4FCAF}.Release|Any CPU.Build.0 = Release|Any CPU
		{36FE19D0-8681-4EB0-846B-DB7DB51F80BB}.Debug|Any CPU.ActiveCfg = Debug|Any CPU
		{36FE19D0-8681-4EB0-846B-DB7DB51F80BB}.Debug|Any CPU.Build.0 = Debug|Any CPU
		{36FE19D0-8681-4EB0-846B-DB7DB51F80BB}.Release|Any CPU.ActiveCfg = Release|Any CPU
		{36FE19D0-8681-4EB0-846B-DB7DB51F80BB}.Release|Any CPU.Build.0 = Release|Any CPU
		{063BD73E-1E1D-45B3-BA3E-81AF9BD4471B}.Debug|Any CPU.ActiveCfg = Debug|Any CPU
		{063BD73E-1E1D-45B3-BA3E-81AF9BD4471B}.Debug|Any CPU.Build.0 = Debug|Any CPU
		{063BD73E-1E1D-45B3-BA3E-81AF9BD4471B}.Release|Any CPU.ActiveCfg = Release|Any CPU
		{063BD73E-1E1D-45B3-BA3E-81AF9BD4471B}.Release|Any CPU.Build.0 = Release|Any CPU
		{E546A598-8F10-48D1-AC24-D18B88A5F7BC}.Debug|Any CPU.ActiveCfg = Debug|Any CPU
		{E546A598-8F10-48D1-AC24-D18B88A5F7BC}.Debug|Any CPU.Build.0 = Debug|Any CPU
		{E546A598-8F10-48D1-AC24-D18B88A5F7BC}.Release|Any CPU.ActiveCfg = Release|Any CPU
		{E546A598-8F10-48D1-AC24-D18B88A5F7BC}.Release|Any CPU.Build.0 = Release|Any CPU
	EndGlobalSection
	GlobalSection(SolutionProperties) = preSolution
		HideSolutionNode = FALSE
	EndGlobalSection
	GlobalSection(NestedProjects) = preSolution
		{6FA7F92B-5016-4251-A6F6-BA72AC7A5164} = {1EFCC01E-E879-4553-875F-8506048DED52}
		{EA6047A8-D9E0-4F14-A7B6-97F89624C1FA} = {85483983-95E9-41BE-9DE2-A1B324E4A2A4}
		{2FAF5AEC-9965-4089-91FD-1AACDCA4FCAF} = {85483983-95E9-41BE-9DE2-A1B324E4A2A4}
		{36FE19D0-8681-4EB0-846B-DB7DB51F80BB} = {85483983-95E9-41BE-9DE2-A1B324E4A2A4}
		{063BD73E-1E1D-45B3-BA3E-81AF9BD4471B} = {9DB2FCF8-C30B-4301-886F-497C71EE40C8}
		{E546A598-8F10-48D1-AC24-D18B88A5F7BC} = {85483983-95E9-41BE-9DE2-A1B324E4A2A4}
	EndGlobalSection
	GlobalSection(ExtensibilityGlobals) = postSolution
		SolutionGuid = {3FBA524B-9AE2-41C1-8EC5-B7454C658587}
	EndGlobalSection
EndGlobal
